// !$*UTF8*$!
{
	archiveVersion = 1;
	classes = {
	};
	objectVersion = 46;
	objects = {

/* Begin PBXBuildFile section */
		370669DB1C9F28D20011940D /* new_paddleboarding.png in Resources */ = {isa = PBXBuildFile; fileRef = 370669D81C9F28D20011940D /* new_paddleboarding.png */; };
		370669DC1C9F28D20011940D /* new_orderanything.png in Resources */ = {isa = PBXBuildFile; fileRef = 370669D91C9F28D20011940D /* new_orderanything.png */; };
		370669DD1C9F28D20011940D /* new_drycleaning.png in Resources */ = {isa = PBXBuildFile; fileRef = 370669DA1C9F28D20011940D /* new_drycleaning.png */; };
		370669DF1C9F292F0011940D /* new_toa.png in Resources */ = {isa = PBXBuildFile; fileRef = 370669DE1C9F292F0011940D /* new_toa.png */; };
		370B9AA71CA6E2A0006CE9CE /* e3.png in Resources */ = {isa = PBXBuildFile; fileRef = 370B9AA41CA6E2A0006CE9CE /* e3.png */; };
		370B9AA81CA6E2A0006CE9CE /* e2.png in Resources */ = {isa = PBXBuildFile; fileRef = 370B9AA51CA6E2A0006CE9CE /* e2.png */; };
		370B9AA91CA6E2A0006CE9CE /* e1.png in Resources */ = {isa = PBXBuildFile; fileRef = 370B9AA61CA6E2A0006CE9CE /* e1.png */; };
		370B9AAB1CA6E3B7006CE9CE /* essentialsForm.swift in Sources */ = {isa = PBXBuildFile; fileRef = 370B9AAA1CA6E3B7006CE9CE /* essentialsForm.swift */; };
		370B9AC11CA722ED006CE9CE /* PopUpViewControllerSwift.swift in Sources */ = {isa = PBXBuildFile; fileRef = 370B9AC01CA722ED006CE9CE /* PopUpViewControllerSwift.swift */; };
		370B9AC51CA723AB006CE9CE /* PopUpViewController_iPhone6Plus.xib in Resources */ = {isa = PBXBuildFile; fileRef = 370B9AC41CA723AB006CE9CE /* PopUpViewController_iPhone6Plus.xib */; };
		373399331BF27598009B8B14 /* Images.xcassets in Resources */ = {isa = PBXBuildFile; fileRef = 373399321BF27598009B8B14 /* Images.xcassets */; };
		373399351BF27621009B8B14 /* Default-736h@3x.png in Resources */ = {isa = PBXBuildFile; fileRef = 373399341BF27621009B8B14 /* Default-736h@3x.png */; };
		3734CAB91C5E127D006968F0 /* orderMessenger.swift in Sources */ = {isa = PBXBuildFile; fileRef = 3734CAB81C5E127D006968F0 /* orderMessenger.swift */; };
		373F19331C8DFD310074E5D7 /* order5.png in Resources */ = {isa = PBXBuildFile; fileRef = 373F19321C8DFD310074E5D7 /* order5.png */; };
		373F19351C8DFF370074E5D7 /* group6.png in Resources */ = {isa = PBXBuildFile; fileRef = 373F19341C8DFF370074E5D7 /* group6.png */; };
		373F19371C8E01A50074E5D7 /* order6.png in Resources */ = {isa = PBXBuildFile; fileRef = 373F19361C8E01A50074E5D7 /* order6.png */; };
		373FF3ED1C8E8C8000F556B9 /* flame.png in Resources */ = {isa = PBXBuildFile; fileRef = 373FF3EA1C8E8C8000F556B9 /* flame.png */; };
		373FF3EE1C8E8C8000F556B9 /* flame@2x.png in Resources */ = {isa = PBXBuildFile; fileRef = 373FF3EB1C8E8C8000F556B9 /* flame@2x.png */; };
		373FF3EF1C8E8C8000F556B9 /* flame@3x.png in Resources */ = {isa = PBXBuildFile; fileRef = 373FF3EC1C8E8C8000F556B9 /* flame@3x.png */; };
		37444A761C7FAEF1009F0B9B /* payment.png in Resources */ = {isa = PBXBuildFile; fileRef = 37444A751C7FAEF1009F0B9B /* payment.png */; };
		37444A791C7FEF80009F0B9B /* order2.png in Resources */ = {isa = PBXBuildFile; fileRef = 37444A771C7FEF80009F0B9B /* order2.png */; };
		37444A7A1C7FEF80009F0B9B /* order1.png in Resources */ = {isa = PBXBuildFile; fileRef = 37444A781C7FEF80009F0B9B /* order1.png */; };
		37444A7C1C7FF184009F0B9B /* order4.png in Resources */ = {isa = PBXBuildFile; fileRef = 37444A7B1C7FF184009F0B9B /* order4.png */; };
		37455A861C637FDD0028A7FF /* yellowBG.png in Resources */ = {isa = PBXBuildFile; fileRef = 37455A851C637FDD0028A7FF /* yellowBG.png */; };
		3745AAE51CA5745800E5DF89 /* star@1x.png in Resources */ = {isa = PBXBuildFile; fileRef = 3745AAE21CA5745800E5DF89 /* star@1x.png */; };
		3745AAE61CA5745800E5DF89 /* star@2x.png in Resources */ = {isa = PBXBuildFile; fileRef = 3745AAE31CA5745800E5DF89 /* star@2x.png */; };
		3745AAE71CA5745800E5DF89 /* star@3x.png in Resources */ = {isa = PBXBuildFile; fileRef = 3745AAE41CA5745800E5DF89 /* star@3x.png */; };
		374EDFD91BF2A7C5000AECE1 /* TableViewCell.swift in Sources */ = {isa = PBXBuildFile; fileRef = 374EDFD81BF2A7C5000AECE1 /* TableViewCell.swift */; };
		374EE01B1BF2B248000AECE1 /* profile.swift in Sources */ = {isa = PBXBuildFile; fileRef = 374EE01A1BF2B248000AECE1 /* profile.swift */; };
		3755A3061C63DDDF00AA8C5C /* config.swift in Sources */ = {isa = PBXBuildFile; fileRef = 3755A3051C63DDDF00AA8C5C /* config.swift */; };
		3755A3081C63DF8800AA8C5C /* config.json in Resources */ = {isa = PBXBuildFile; fileRef = 3755A3071C63DF8800AA8C5C /* config.json */; };
		3758E8B31C45926C00B8D974 /* transaction.swift in Sources */ = {isa = PBXBuildFile; fileRef = 3758E8B21C45926C00B8D974 /* transaction.swift */; };
		3758E8B51C4597A900B8D974 /* notificationHandler.swift in Sources */ = {isa = PBXBuildFile; fileRef = 3758E8B41C4597A900B8D974 /* notificationHandler.swift */; };
		3765840A1BF267DA007DA8A7 /* quickorder.swift in Sources */ = {isa = PBXBuildFile; fileRef = 376584091BF267DA007DA8A7 /* quickorder.swift */; };
		3765840E1BF26F0C007DA8A7 /* CustomOrder.swift in Sources */ = {isa = PBXBuildFile; fileRef = 3765840D1BF26F0C007DA8A7 /* CustomOrder.swift */; };
		3765841A1BF2727A007DA8A7 /* home.png in Resources */ = {isa = PBXBuildFile; fileRef = 376584171BF2727A007DA8A7 /* home.png */; };
		3765841B1BF2727A007DA8A7 /* home@2x.png in Resources */ = {isa = PBXBuildFile; fileRef = 376584181BF2727A007DA8A7 /* home@2x.png */; };
		3765841C1BF2727A007DA8A7 /* home@3x.png in Resources */ = {isa = PBXBuildFile; fileRef = 376584191BF2727A007DA8A7 /* home@3x.png */; };
		376584201BF272EF007DA8A7 /* plus.png in Resources */ = {isa = PBXBuildFile; fileRef = 3765841D1BF272EF007DA8A7 /* plus.png */; };
		376584211BF272EF007DA8A7 /* plus@2x.png in Resources */ = {isa = PBXBuildFile; fileRef = 3765841E1BF272EF007DA8A7 /* plus@2x.png */; };
		376584221BF272EF007DA8A7 /* plus@3x.png in Resources */ = {isa = PBXBuildFile; fileRef = 3765841F1BF272EF007DA8A7 /* plus@3x.png */; };
		376584261BF27369007DA8A7 /* orders.png in Resources */ = {isa = PBXBuildFile; fileRef = 376584231BF27369007DA8A7 /* orders.png */; };
		376584271BF27369007DA8A7 /* orders@2x.png in Resources */ = {isa = PBXBuildFile; fileRef = 376584241BF27369007DA8A7 /* orders@2x.png */; };
		376584281BF27369007DA8A7 /* orders@3x.png in Resources */ = {isa = PBXBuildFile; fileRef = 376584251BF27369007DA8A7 /* orders@3x.png */; };
		3766DFF21C0B0E6500D2044C /* background.png in Resources */ = {isa = PBXBuildFile; fileRef = 3766DFF11C0B0E6500D2044C /* background.png */; };
		3766DFF41C0B104800D2044C /* logo.png in Resources */ = {isa = PBXBuildFile; fileRef = 3766DFF31C0B104800D2044C /* logo.png */; };
		37791DE91C2987180082693C /* editUserProfile.swift in Sources */ = {isa = PBXBuildFile; fileRef = 37791DE81C2987180082693C /* editUserProfile.swift */; };
		37791DEB1C298BAD0082693C /* DetailTableViewController.swift in Sources */ = {isa = PBXBuildFile; fileRef = 37791DEA1C298BAD0082693C /* DetailTableViewController.swift */; };
		37791DED1C299B340082693C /* about.swift in Sources */ = {isa = PBXBuildFile; fileRef = 37791DEC1C299B340082693C /* about.swift */; };
		377AF8D11C28FFD3009028EA /* editProfile.swift in Sources */ = {isa = PBXBuildFile; fileRef = 377AF8D01C28FFD3009028EA /* editProfile.swift */; };
		377AF90F1C292665009028EA /* BlogViewController.swift in Sources */ = {isa = PBXBuildFile; fileRef = 377AF90E1C292665009028EA /* BlogViewController.swift */; };
		37965A351C081797005DBF68 /* newOrder.swift in Sources */ = {isa = PBXBuildFile; fileRef = 37965A341C081797005DBF68 /* newOrder.swift */; };
		37B7A3011C8515DC0034FDBC /* receipt.png in Resources */ = {isa = PBXBuildFile; fileRef = 37B7A3001C8515DC0034FDBC /* receipt.png */; };
		37B7A3041C8517C30034FDBC /* help.png in Resources */ = {isa = PBXBuildFile; fileRef = 37B7A3021C8517C30034FDBC /* help.png */; };
		37B7A3051C8517C30034FDBC /* help@2x.png in Resources */ = {isa = PBXBuildFile; fileRef = 37B7A3031C8517C30034FDBC /* help@2x.png */; };
		37C220961C593A0B0074A96B /* sockets.swift in Sources */ = {isa = PBXBuildFile; fileRef = 37C220951C593A0B0074A96B /* sockets.swift */; };
		37C885041C7CEAA900D4191F /* 20x.png in Resources */ = {isa = PBXBuildFile; fileRef = 37C885031C7CEAA900D4191F /* 20x.png */; };
		37C885061C7CEAD100D4191F /* x@2x.png in Resources */ = {isa = PBXBuildFile; fileRef = 37C885051C7CEAD100D4191F /* x@2x.png */; };
		37C885091C7CEB0E00D4191F /* backBtn@2x.png in Resources */ = {isa = PBXBuildFile; fileRef = 37C885071C7CEB0E00D4191F /* backBtn@2x.png */; };
		37C8850A1C7CEB0E00D4191F /* backBtn.png in Resources */ = {isa = PBXBuildFile; fileRef = 37C885081C7CEB0E00D4191F /* backBtn.png */; };
		37C8850C1C7CEB2700D4191F /* x.png in Resources */ = {isa = PBXBuildFile; fileRef = 37C8850B1C7CEB2700D4191F /* x.png */; };
		37CAD3D51C90908400B0FF67 /* new_pizza.png in Resources */ = {isa = PBXBuildFile; fileRef = 37CAD3D41C90908400B0FF67 /* new_pizza.png */; };
		37CAD3D71C9090CE00B0FF67 /* new_cookies.png in Resources */ = {isa = PBXBuildFile; fileRef = 37CAD3D61C9090CE00B0FF67 /* new_cookies.png */; };
		37CFB6D91C2B1A5400CCE0A6 /* ordersView.swift in Sources */ = {isa = PBXBuildFile; fileRef = 37CFB6D81C2B1A5400CCE0A6 /* ordersView.swift */; };
		37CFB6DB1C2B6F2800CCE0A6 /* payment.swift in Sources */ = {isa = PBXBuildFile; fileRef = 37CFB6DA1C2B6F2800CCE0A6 /* payment.swift */; };
		37D95F4E1C8BC9C300051954 /* GoogleService-Info.plist in Resources */ = {isa = PBXBuildFile; fileRef = 37D95F4D1C8BC9C300051954 /* GoogleService-Info.plist */; };
		37DB5CA41C099EED0018F09C /* storage.swift in Sources */ = {isa = PBXBuildFile; fileRef = 37DB5CA31C099EED0018F09C /* storage.swift */; };
		37DB5CA81C09AAF10018F09C /* RestApiManager.swift in Sources */ = {isa = PBXBuildFile; fileRef = 37DB5CA71C09AAF10018F09C /* RestApiManager.swift */; };
		37DC513A1C094F550082C4A7 /* FBSDKCoreKit.framework in Frameworks */ = {isa = PBXBuildFile; fileRef = 37DC51381C094F550082C4A7 /* FBSDKCoreKit.framework */; };
		37DC513B1C094F550082C4A7 /* FBSDKLoginKit.framework in Frameworks */ = {isa = PBXBuildFile; fileRef = 37DC51391C094F550082C4A7 /* FBSDKLoginKit.framework */; };
		37DC513D1C094F5F0082C4A7 /* FBSDKShareKit.framework in Frameworks */ = {isa = PBXBuildFile; fileRef = 37DC513C1C094F5F0082C4A7 /* FBSDKShareKit.framework */; };
		37DC513F1C0952DA0082C4A7 /* facebookLogin.swift in Sources */ = {isa = PBXBuildFile; fileRef = 37DC513E1C0952DA0082C4A7 /* facebookLogin.swift */; };
		37E5E5CC1BF13099003111DD /* AppDelegate.swift in Sources */ = {isa = PBXBuildFile; fileRef = 37E5E5CB1BF13099003111DD /* AppDelegate.swift */; };
		37E5E5CE1BF13099003111DD /* ViewController.swift in Sources */ = {isa = PBXBuildFile; fileRef = 37E5E5CD1BF13099003111DD /* ViewController.swift */; };
		37E5E5D11BF13099003111DD /* Main.storyboard in Resources */ = {isa = PBXBuildFile; fileRef = 37E5E5CF1BF13099003111DD /* Main.storyboard */; };
		37E5E5D31BF13099003111DD /* Assets.xcassets in Resources */ = {isa = PBXBuildFile; fileRef = 37E5E5D21BF13099003111DD /* Assets.xcassets */; };
		37E5E5D61BF13099003111DD /* LaunchScreen.storyboard in Resources */ = {isa = PBXBuildFile; fileRef = 37E5E5D41BF13099003111DD /* LaunchScreen.storyboard */; };
		37E5E5E11BF13099003111DD /* DelegateIt_UITests.swift in Sources */ = {isa = PBXBuildFile; fileRef = 37E5E5E01BF13099003111DD /* DelegateIt_UITests.swift */; };
		37E5E5EC1BF13099003111DD /* Learning_UIUITests.swift in Sources */ = {isa = PBXBuildFile; fileRef = 37E5E5EB1BF13099003111DD /* Learning_UIUITests.swift */; };
		37EA2FB51CA4A84A0037AFC5 /* essentials.swift in Sources */ = {isa = PBXBuildFile; fileRef = 37EA2FB41CA4A84A0037AFC5 /* essentials.swift */; };
		37EAB1741C68B5F100FCFF06 /* profileIcon.png in Resources */ = {isa = PBXBuildFile; fileRef = 37EAB1721C68B5F100FCFF06 /* profileIcon.png */; };
		37EAB1751C68B5F100FCFF06 /* profileIcon@2x.png in Resources */ = {isa = PBXBuildFile; fileRef = 37EAB1731C68B5F100FCFF06 /* profileIcon@2x.png */; };
		37FBF4061C68894900BC49F3 /* Group.png in Resources */ = {isa = PBXBuildFile; fileRef = 37FBF4051C68894900BC49F3 /* Group.png */; };
		37FBF4081C6889DB00BC49F3 /* coffee.png in Resources */ = {isa = PBXBuildFile; fileRef = 37FBF4071C6889DB00BC49F3 /* coffee.png */; };
		37FBF40A1C688B3E00BC49F3 /* quick1.png in Resources */ = {isa = PBXBuildFile; fileRef = 37FBF4091C688B3E00BC49F3 /* quick1.png */; };
		37FBF40C1C688B9500BC49F3 /* quick3.png in Resources */ = {isa = PBXBuildFile; fileRef = 37FBF40B1C688B9500BC49F3 /* quick3.png */; };
		AB6AC8D9AECFADB3F8547313 /* Pods_DelegateIt.framework in Frameworks */ = {isa = PBXBuildFile; fileRef = 57965458214B63A6E7A5B9E8 /* Pods_DelegateIt.framework */; };
/* End PBXBuildFile section */

/* Begin PBXContainerItemProxy section */
		37E5E5DD1BF13099003111DD /* PBXContainerItemProxy */ = {
			isa = PBXContainerItemProxy;
			containerPortal = 37E5E5C01BF13099003111DD /* Project object */;
			proxyType = 1;
			remoteGlobalIDString = 37E5E5C71BF13099003111DD;
			remoteInfo = "Learning UI";
		};
		37E5E5E81BF13099003111DD /* PBXContainerItemProxy */ = {
			isa = PBXContainerItemProxy;
			containerPortal = 37E5E5C01BF13099003111DD /* Project object */;
			proxyType = 1;
			remoteGlobalIDString = 37E5E5C71BF13099003111DD;
			remoteInfo = "Learning UI";
		};
/* End PBXContainerItemProxy section */

/* Begin PBXFileReference section */
		370669D81C9F28D20011940D /* new_paddleboarding.png */ = {isa = PBXFileReference; lastKnownFileType = image.png; path = new_paddleboarding.png; sourceTree = "<group>"; };
		370669D91C9F28D20011940D /* new_orderanything.png */ = {isa = PBXFileReference; lastKnownFileType = image.png; path = new_orderanything.png; sourceTree = "<group>"; };
		370669DA1C9F28D20011940D /* new_drycleaning.png */ = {isa = PBXFileReference; lastKnownFileType = image.png; path = new_drycleaning.png; sourceTree = "<group>"; };
		370669DE1C9F292F0011940D /* new_toa.png */ = {isa = PBXFileReference; lastKnownFileType = image.png; path = new_toa.png; sourceTree = "<group>"; };
		370B9AA41CA6E2A0006CE9CE /* e3.png */ = {isa = PBXFileReference; lastKnownFileType = image.png; path = e3.png; sourceTree = "<group>"; };
		370B9AA51CA6E2A0006CE9CE /* e2.png */ = {isa = PBXFileReference; lastKnownFileType = image.png; path = e2.png; sourceTree = "<group>"; };
		370B9AA61CA6E2A0006CE9CE /* e1.png */ = {isa = PBXFileReference; lastKnownFileType = image.png; path = e1.png; sourceTree = "<group>"; };
		370B9AAA1CA6E3B7006CE9CE /* essentialsForm.swift */ = {isa = PBXFileReference; fileEncoding = 4; lastKnownFileType = sourcecode.swift; path = essentialsForm.swift; sourceTree = "<group>"; };
		370B9AC01CA722ED006CE9CE /* PopUpViewControllerSwift.swift */ = {isa = PBXFileReference; fileEncoding = 4; lastKnownFileType = sourcecode.swift; path = PopUpViewControllerSwift.swift; sourceTree = "<group>"; };
		370B9AC41CA723AB006CE9CE /* PopUpViewController_iPhone6Plus.xib */ = {isa = PBXFileReference; fileEncoding = 4; lastKnownFileType = file.xib; path = PopUpViewController_iPhone6Plus.xib; sourceTree = "<group>"; };
		373399321BF27598009B8B14 /* Images.xcassets */ = {isa = PBXFileReference; lastKnownFileType = folder.assetcatalog; name = Images.xcassets; path = DelegateIt/Images.xcassets; sourceTree = SOURCE_ROOT; };
		373399341BF27621009B8B14 /* Default-736h@3x.png */ = {isa = PBXFileReference; lastKnownFileType = image.png; path = "Default-736h@3x.png"; sourceTree = "<group>"; };
		3734CAB81C5E127D006968F0 /* orderMessenger.swift */ = {isa = PBXFileReference; fileEncoding = 4; lastKnownFileType = sourcecode.swift; path = orderMessenger.swift; sourceTree = "<group>"; };
		373F19321C8DFD310074E5D7 /* order5.png */ = {isa = PBXFileReference; lastKnownFileType = image.png; path = order5.png; sourceTree = "<group>"; };
		373F19341C8DFF370074E5D7 /* group6.png */ = {isa = PBXFileReference; lastKnownFileType = image.png; path = group6.png; sourceTree = "<group>"; };
		373F19361C8E01A50074E5D7 /* order6.png */ = {isa = PBXFileReference; lastKnownFileType = image.png; path = order6.png; sourceTree = "<group>"; };
		373FF3EA1C8E8C8000F556B9 /* flame.png */ = {isa = PBXFileReference; lastKnownFileType = image.png; path = flame.png; sourceTree = "<group>"; };
		373FF3EB1C8E8C8000F556B9 /* flame@2x.png */ = {isa = PBXFileReference; lastKnownFileType = image.png; path = "flame@2x.png"; sourceTree = "<group>"; };
		373FF3EC1C8E8C8000F556B9 /* flame@3x.png */ = {isa = PBXFileReference; lastKnownFileType = image.png; path = "flame@3x.png"; sourceTree = "<group>"; };
		37444A751C7FAEF1009F0B9B /* payment.png */ = {isa = PBXFileReference; lastKnownFileType = image.png; path = payment.png; sourceTree = "<group>"; };
		37444A771C7FEF80009F0B9B /* order2.png */ = {isa = PBXFileReference; lastKnownFileType = image.png; path = order2.png; sourceTree = "<group>"; };
		37444A781C7FEF80009F0B9B /* order1.png */ = {isa = PBXFileReference; lastKnownFileType = image.png; path = order1.png; sourceTree = "<group>"; };
		37444A7B1C7FF184009F0B9B /* order4.png */ = {isa = PBXFileReference; lastKnownFileType = image.png; path = order4.png; sourceTree = "<group>"; };
		37455A811C637CFB0028A7FF /* profileIcon.png */ = {isa = PBXFileReference; lastKnownFileType = image.png; path = profileIcon.png; sourceTree = "<group>"; };
		37455A821C637CFB0028A7FF /* profileIcon@2x.png */ = {isa = PBXFileReference; lastKnownFileType = image.png; path = "profileIcon@2x.png"; sourceTree = "<group>"; };
		37455A851C637FDD0028A7FF /* yellowBG.png */ = {isa = PBXFileReference; lastKnownFileType = image.png; path = yellowBG.png; sourceTree = "<group>"; };
		3745AAE21CA5745800E5DF89 /* star@1x.png */ = {isa = PBXFileReference; lastKnownFileType = image.png; path = "star@1x.png"; sourceTree = "<group>"; };
		3745AAE31CA5745800E5DF89 /* star@2x.png */ = {isa = PBXFileReference; lastKnownFileType = image.png; path = "star@2x.png"; sourceTree = "<group>"; };
		3745AAE41CA5745800E5DF89 /* star@3x.png */ = {isa = PBXFileReference; lastKnownFileType = image.png; path = "star@3x.png"; sourceTree = "<group>"; };
		374EDFD81BF2A7C5000AECE1 /* TableViewCell.swift */ = {isa = PBXFileReference; fileEncoding = 4; lastKnownFileType = sourcecode.swift; path = TableViewCell.swift; sourceTree = "<group>"; };
		374EE01A1BF2B248000AECE1 /* profile.swift */ = {isa = PBXFileReference; fileEncoding = 4; lastKnownFileType = sourcecode.swift; path = profile.swift; sourceTree = "<group>"; };
		3755A3051C63DDDF00AA8C5C /* config.swift */ = {isa = PBXFileReference; fileEncoding = 4; lastKnownFileType = sourcecode.swift; name = config.swift; path = "Learning UI/config.swift"; sourceTree = SOURCE_ROOT; };
		3755A3071C63DF8800AA8C5C /* config.json */ = {isa = PBXFileReference; fileEncoding = 4; lastKnownFileType = text.json; name = config.json; path = "Learning UI/config.json"; sourceTree = SOURCE_ROOT; };
		3758E8B21C45926C00B8D974 /* transaction.swift */ = {isa = PBXFileReference; fileEncoding = 4; lastKnownFileType = sourcecode.swift; name = transaction.swift; path = ../DelegateIt/transaction.swift; sourceTree = "<group>"; };
		3758E8B41C4597A900B8D974 /* notificationHandler.swift */ = {isa = PBXFileReference; fileEncoding = 4; lastKnownFileType = sourcecode.swift; path = notificationHandler.swift; sourceTree = "<group>"; };
		376584091BF267DA007DA8A7 /* quickorder.swift */ = {isa = PBXFileReference; fileEncoding = 4; lastKnownFileType = sourcecode.swift; path = quickorder.swift; sourceTree = "<group>"; };
		3765840D1BF26F0C007DA8A7 /* CustomOrder.swift */ = {isa = PBXFileReference; fileEncoding = 4; lastKnownFileType = sourcecode.swift; path = CustomOrder.swift; sourceTree = "<group>"; };
		376584171BF2727A007DA8A7 /* home.png */ = {isa = PBXFileReference; lastKnownFileType = image.png; path = home.png; sourceTree = "<group>"; };
		376584181BF2727A007DA8A7 /* home@2x.png */ = {isa = PBXFileReference; lastKnownFileType = image.png; path = "home@2x.png"; sourceTree = "<group>"; };
		376584191BF2727A007DA8A7 /* home@3x.png */ = {isa = PBXFileReference; lastKnownFileType = image.png; path = "home@3x.png"; sourceTree = "<group>"; };
		3765841D1BF272EF007DA8A7 /* plus.png */ = {isa = PBXFileReference; lastKnownFileType = image.png; path = plus.png; sourceTree = "<group>"; };
		3765841E1BF272EF007DA8A7 /* plus@2x.png */ = {isa = PBXFileReference; lastKnownFileType = image.png; path = "plus@2x.png"; sourceTree = "<group>"; };
		3765841F1BF272EF007DA8A7 /* plus@3x.png */ = {isa = PBXFileReference; lastKnownFileType = image.png; path = "plus@3x.png"; sourceTree = "<group>"; };
		376584231BF27369007DA8A7 /* orders.png */ = {isa = PBXFileReference; lastKnownFileType = image.png; path = orders.png; sourceTree = "<group>"; };
		376584241BF27369007DA8A7 /* orders@2x.png */ = {isa = PBXFileReference; lastKnownFileType = image.png; path = "orders@2x.png"; sourceTree = "<group>"; };
		376584251BF27369007DA8A7 /* orders@3x.png */ = {isa = PBXFileReference; lastKnownFileType = image.png; path = "orders@3x.png"; sourceTree = "<group>"; };
		3766DFF11C0B0E6500D2044C /* background.png */ = {isa = PBXFileReference; lastKnownFileType = image.png; path = background.png; sourceTree = "<group>"; };
		3766DFF31C0B104800D2044C /* logo.png */ = {isa = PBXFileReference; lastKnownFileType = image.png; path = logo.png; sourceTree = "<group>"; };
		37791DE81C2987180082693C /* editUserProfile.swift */ = {isa = PBXFileReference; fileEncoding = 4; lastKnownFileType = sourcecode.swift; path = editUserProfile.swift; sourceTree = "<group>"; };
		37791DEA1C298BAD0082693C /* DetailTableViewController.swift */ = {isa = PBXFileReference; fileEncoding = 4; lastKnownFileType = sourcecode.swift; path = DetailTableViewController.swift; sourceTree = "<group>"; };
		37791DEC1C299B340082693C /* about.swift */ = {isa = PBXFileReference; fileEncoding = 4; lastKnownFileType = sourcecode.swift; path = about.swift; sourceTree = "<group>"; };
		377AF8D01C28FFD3009028EA /* editProfile.swift */ = {isa = PBXFileReference; fileEncoding = 4; lastKnownFileType = sourcecode.swift; path = editProfile.swift; sourceTree = "<group>"; };
		377AF90E1C292665009028EA /* BlogViewController.swift */ = {isa = PBXFileReference; fileEncoding = 4; lastKnownFileType = sourcecode.swift; path = BlogViewController.swift; sourceTree = "<group>"; };
		37965A341C081797005DBF68 /* newOrder.swift */ = {isa = PBXFileReference; fileEncoding = 4; lastKnownFileType = sourcecode.swift; path = newOrder.swift; sourceTree = "<group>"; };
		37965A361C0817F4005DBF68 /* DelegateIt-Bridging-Header.h */ = {isa = PBXFileReference; lastKnownFileType = sourcecode.c.h; path = "DelegateIt-Bridging-Header.h"; sourceTree = "<group>"; };
		37B4E01B1C2EAE4100A31424 /* SwiftyJSON-master */ = {isa = PBXFileReference; lastKnownFileType = folder; name = "SwiftyJSON-master"; path = "../../../Downloads/SwiftyJSON-master"; sourceTree = "<group>"; };
		37B4E01D1C2EAE6F00A31424 /* SwiftyJSON.xcworkspace */ = {isa = PBXFileReference; lastKnownFileType = wrapper.workspace; name = SwiftyJSON.xcworkspace; path = "../../../Downloads/SwiftyJSON-master/SwiftyJSON.xcworkspace"; sourceTree = "<group>"; };
		37B7A3001C8515DC0034FDBC /* receipt.png */ = {isa = PBXFileReference; lastKnownFileType = image.png; path = receipt.png; sourceTree = "<group>"; };
		37B7A3021C8517C30034FDBC /* help.png */ = {isa = PBXFileReference; lastKnownFileType = image.png; path = help.png; sourceTree = "<group>"; };
		37B7A3031C8517C30034FDBC /* help@2x.png */ = {isa = PBXFileReference; lastKnownFileType = image.png; path = "help@2x.png"; sourceTree = "<group>"; };
		37C220951C593A0B0074A96B /* sockets.swift */ = {isa = PBXFileReference; fileEncoding = 4; lastKnownFileType = sourcecode.swift; path = sockets.swift; sourceTree = "<group>"; };
		37C885031C7CEAA900D4191F /* 20x.png */ = {isa = PBXFileReference; lastKnownFileType = image.png; path = 20x.png; sourceTree = "<group>"; };
		37C885051C7CEAD100D4191F /* x@2x.png */ = {isa = PBXFileReference; lastKnownFileType = image.png; path = "x@2x.png"; sourceTree = "<group>"; };
		37C885071C7CEB0E00D4191F /* backBtn@2x.png */ = {isa = PBXFileReference; lastKnownFileType = image.png; path = "backBtn@2x.png"; sourceTree = "<group>"; };
		37C885081C7CEB0E00D4191F /* backBtn.png */ = {isa = PBXFileReference; lastKnownFileType = image.png; path = backBtn.png; sourceTree = "<group>"; };
		37C8850B1C7CEB2700D4191F /* x.png */ = {isa = PBXFileReference; lastKnownFileType = image.png; path = x.png; sourceTree = "<group>"; };
		37CAD3D41C90908400B0FF67 /* new_pizza.png */ = {isa = PBXFileReference; lastKnownFileType = image.png; path = new_pizza.png; sourceTree = "<group>"; };
		37CAD3D61C9090CE00B0FF67 /* new_cookies.png */ = {isa = PBXFileReference; lastKnownFileType = image.png; path = new_cookies.png; sourceTree = "<group>"; };
		37CFB6D81C2B1A5400CCE0A6 /* ordersView.swift */ = {isa = PBXFileReference; fileEncoding = 4; lastKnownFileType = sourcecode.swift; path = ordersView.swift; sourceTree = "<group>"; };
		37CFB6DA1C2B6F2800CCE0A6 /* payment.swift */ = {isa = PBXFileReference; fileEncoding = 4; lastKnownFileType = sourcecode.swift; path = payment.swift; sourceTree = "<group>"; };
		37D95F4D1C8BC9C300051954 /* GoogleService-Info.plist */ = {isa = PBXFileReference; fileEncoding = 4; lastKnownFileType = text.plist.xml; path = "GoogleService-Info.plist"; sourceTree = "<group>"; };
		37DB5CA31C099EED0018F09C /* storage.swift */ = {isa = PBXFileReference; fileEncoding = 4; lastKnownFileType = sourcecode.swift; path = storage.swift; sourceTree = "<group>"; };
		37DB5CA71C09AAF10018F09C /* RestApiManager.swift */ = {isa = PBXFileReference; fileEncoding = 4; lastKnownFileType = sourcecode.swift; path = RestApiManager.swift; sourceTree = "<group>"; };
		37DC51381C094F550082C4A7 /* FBSDKCoreKit.framework */ = {isa = PBXFileReference; lastKnownFileType = wrapper.framework; path = FBSDKCoreKit.framework; sourceTree = "<group>"; };
		37DC51391C094F550082C4A7 /* FBSDKLoginKit.framework */ = {isa = PBXFileReference; lastKnownFileType = wrapper.framework; path = FBSDKLoginKit.framework; sourceTree = "<group>"; };
		37DC513C1C094F5F0082C4A7 /* FBSDKShareKit.framework */ = {isa = PBXFileReference; lastKnownFileType = wrapper.framework; path = FBSDKShareKit.framework; sourceTree = "<group>"; };
		37DC513E1C0952DA0082C4A7 /* facebookLogin.swift */ = {isa = PBXFileReference; fileEncoding = 4; lastKnownFileType = sourcecode.swift; path = facebookLogin.swift; sourceTree = "<group>"; };
		37E5E5C81BF13099003111DD /* DelegateIt.app */ = {isa = PBXFileReference; explicitFileType = wrapper.application; includeInIndex = 0; path = DelegateIt.app; sourceTree = BUILT_PRODUCTS_DIR; };
		37E5E5CB1BF13099003111DD /* AppDelegate.swift */ = {isa = PBXFileReference; lastKnownFileType = sourcecode.swift; path = AppDelegate.swift; sourceTree = "<group>"; };
		37E5E5CD1BF13099003111DD /* ViewController.swift */ = {isa = PBXFileReference; lastKnownFileType = sourcecode.swift; path = ViewController.swift; sourceTree = "<group>"; };
		37E5E5D01BF13099003111DD /* Base */ = {isa = PBXFileReference; lastKnownFileType = file.storyboard; name = Base; path = Base.lproj/Main.storyboard; sourceTree = "<group>"; };
		37E5E5D21BF13099003111DD /* Assets.xcassets */ = {isa = PBXFileReference; lastKnownFileType = folder.assetcatalog; path = Assets.xcassets; sourceTree = "<group>"; };
		37E5E5D51BF13099003111DD /* Base */ = {isa = PBXFileReference; lastKnownFileType = file.storyboard; name = Base; path = Base.lproj/LaunchScreen.storyboard; sourceTree = "<group>"; };
		37E5E5D71BF13099003111DD /* Info.plist */ = {isa = PBXFileReference; lastKnownFileType = text.plist.xml; path = Info.plist; sourceTree = "<group>"; };
		37E5E5DC1BF13099003111DD /* DelegateIt.xctest */ = {isa = PBXFileReference; explicitFileType = wrapper.cfbundle; includeInIndex = 0; path = DelegateIt.xctest; sourceTree = BUILT_PRODUCTS_DIR; };
		37E5E5E01BF13099003111DD /* DelegateIt_UITests.swift */ = {isa = PBXFileReference; lastKnownFileType = sourcecode.swift; path = DelegateIt_UITests.swift; sourceTree = "<group>"; };
		37E5E5E71BF13099003111DD /* DelegateIt.xctest */ = {isa = PBXFileReference; explicitFileType = wrapper.cfbundle; includeInIndex = 0; path = DelegateIt.xctest; sourceTree = BUILT_PRODUCTS_DIR; };
		37E5E5EB1BF13099003111DD /* Learning_UIUITests.swift */ = {isa = PBXFileReference; lastKnownFileType = sourcecode.swift; path = Learning_UIUITests.swift; sourceTree = "<group>"; };
		37E5E5ED1BF13099003111DD /* Info.plist */ = {isa = PBXFileReference; lastKnownFileType = text.plist.xml; path = Info.plist; sourceTree = "<group>"; };
		37EA2FB41CA4A84A0037AFC5 /* essentials.swift */ = {isa = PBXFileReference; fileEncoding = 4; lastKnownFileType = sourcecode.swift; path = essentials.swift; sourceTree = "<group>"; };
		37EAB1721C68B5F100FCFF06 /* profileIcon.png */ = {isa = PBXFileReference; lastKnownFileType = image.png; path = profileIcon.png; sourceTree = "<group>"; };
		37EAB1731C68B5F100FCFF06 /* profileIcon@2x.png */ = {isa = PBXFileReference; lastKnownFileType = image.png; path = "profileIcon@2x.png"; sourceTree = "<group>"; };
		37FBF4051C68894900BC49F3 /* Group.png */ = {isa = PBXFileReference; lastKnownFileType = image.png; path = Group.png; sourceTree = "<group>"; };
		37FBF4071C6889DB00BC49F3 /* coffee.png */ = {isa = PBXFileReference; lastKnownFileType = image.png; path = coffee.png; sourceTree = "<group>"; };
		37FBF4091C688B3E00BC49F3 /* quick1.png */ = {isa = PBXFileReference; lastKnownFileType = image.png; path = quick1.png; sourceTree = "<group>"; };
		37FBF40B1C688B9500BC49F3 /* quick3.png */ = {isa = PBXFileReference; lastKnownFileType = image.png; path = quick3.png; sourceTree = "<group>"; };
		57965458214B63A6E7A5B9E8 /* Pods_DelegateIt.framework */ = {isa = PBXFileReference; explicitFileType = wrapper.framework; includeInIndex = 0; path = Pods_DelegateIt.framework; sourceTree = BUILT_PRODUCTS_DIR; };
		8A3A138A15A569F58672964A /* Pods-DelegateIt.debug.xcconfig */ = {isa = PBXFileReference; includeInIndex = 1; lastKnownFileType = text.xcconfig; name = "Pods-DelegateIt.debug.xcconfig"; path = "Pods/Target Support Files/Pods-DelegateIt/Pods-DelegateIt.debug.xcconfig"; sourceTree = "<group>"; };
		9C12BA6238E1F541F3BCE1A4 /* Pods-DelegateIt.release.xcconfig */ = {isa = PBXFileReference; includeInIndex = 1; lastKnownFileType = text.xcconfig; name = "Pods-DelegateIt.release.xcconfig"; path = "Pods/Target Support Files/Pods-DelegateIt/Pods-DelegateIt.release.xcconfig"; sourceTree = "<group>"; };
/* End PBXFileReference section */

/* Begin PBXFrameworksBuildPhase section */
		37E5E5C51BF13099003111DD /* Frameworks */ = {
			isa = PBXFrameworksBuildPhase;
			buildActionMask = 2147483647;
			files = (
				37DC513D1C094F5F0082C4A7 /* FBSDKShareKit.framework in Frameworks */,
				37DC513A1C094F550082C4A7 /* FBSDKCoreKit.framework in Frameworks */,
				37DC513B1C094F550082C4A7 /* FBSDKLoginKit.framework in Frameworks */,
				AB6AC8D9AECFADB3F8547313 /* Pods_DelegateIt.framework in Frameworks */,
			);
			runOnlyForDeploymentPostprocessing = 0;
		};
		37E5E5D91BF13099003111DD /* Frameworks */ = {
			isa = PBXFrameworksBuildPhase;
			buildActionMask = 2147483647;
			files = (
			);
			runOnlyForDeploymentPostprocessing = 0;
		};
		37E5E5E41BF13099003111DD /* Frameworks */ = {
			isa = PBXFrameworksBuildPhase;
			buildActionMask = 2147483647;
			files = (
			);
			runOnlyForDeploymentPostprocessing = 0;
		};
/* End PBXFrameworksBuildPhase section */

/* Begin PBXGroup section */
		3737AC891C54048100F71E8B /* Images */ = {
			isa = PBXGroup;
			children = (
				370B9AA41CA6E2A0006CE9CE /* e3.png */,
				370B9AA51CA6E2A0006CE9CE /* e2.png */,
				370B9AA61CA6E2A0006CE9CE /* e1.png */,
				3745AAE21CA5745800E5DF89 /* star@1x.png */,
				3745AAE31CA5745800E5DF89 /* star@2x.png */,
				3745AAE41CA5745800E5DF89 /* star@3x.png */,
				370669DE1C9F292F0011940D /* new_toa.png */,
				370669D81C9F28D20011940D /* new_paddleboarding.png */,
				370669D91C9F28D20011940D /* new_orderanything.png */,
				370669DA1C9F28D20011940D /* new_drycleaning.png */,
				37CAD3D61C9090CE00B0FF67 /* new_cookies.png */,
				37CAD3D41C90908400B0FF67 /* new_pizza.png */,
				373F19361C8E01A50074E5D7 /* order6.png */,
				373F19341C8DFF370074E5D7 /* group6.png */,
				373F19321C8DFD310074E5D7 /* order5.png */,
				37B7A3021C8517C30034FDBC /* help.png */,
				37B7A3031C8517C30034FDBC /* help@2x.png */,
				37B7A3001C8515DC0034FDBC /* receipt.png */,
				37444A7B1C7FF184009F0B9B /* order4.png */,
				37444A771C7FEF80009F0B9B /* order2.png */,
				37444A781C7FEF80009F0B9B /* order1.png */,
				37444A751C7FAEF1009F0B9B /* payment.png */,
				37FBF40B1C688B9500BC49F3 /* quick3.png */,
				37FBF4091C688B3E00BC49F3 /* quick1.png */,
				37FBF4071C6889DB00BC49F3 /* coffee.png */,
				37FBF4051C68894900BC49F3 /* Group.png */,
				37455A851C637FDD0028A7FF /* yellowBG.png */,
				37EAB1721C68B5F100FCFF06 /* profileIcon.png */,
				37EAB1731C68B5F100FCFF06 /* profileIcon@2x.png */,
				37455A811C637CFB0028A7FF /* profileIcon.png */,
				37455A821C637CFB0028A7FF /* profileIcon@2x.png */,
				37C885071C7CEB0E00D4191F /* backBtn@2x.png */,
				37C885081C7CEB0E00D4191F /* backBtn.png */,
				37C8850B1C7CEB2700D4191F /* x.png */,
				37C885051C7CEAD100D4191F /* x@2x.png */,
				37C885031C7CEAA900D4191F /* 20x.png */,
				3766DFF31C0B104800D2044C /* logo.png */,
				3766DFF11C0B0E6500D2044C /* background.png */,
				373FF3EA1C8E8C8000F556B9 /* flame.png */,
				373FF3EB1C8E8C8000F556B9 /* flame@2x.png */,
				373FF3EC1C8E8C8000F556B9 /* flame@3x.png */,
				373399341BF27621009B8B14 /* Default-736h@3x.png */,
				376584231BF27369007DA8A7 /* orders.png */,
				376584241BF27369007DA8A7 /* orders@2x.png */,
				376584251BF27369007DA8A7 /* orders@3x.png */,
				3765841D1BF272EF007DA8A7 /* plus.png */,
				3765841E1BF272EF007DA8A7 /* plus@2x.png */,
				3765841F1BF272EF007DA8A7 /* plus@3x.png */,
				376584171BF2727A007DA8A7 /* home.png */,
				376584181BF2727A007DA8A7 /* home@2x.png */,
				376584191BF2727A007DA8A7 /* home@3x.png */,
			);
			name = Images;
			sourceTree = "<group>";
		};
		3737AC8A1C54049F00F71E8B /* Model */ = {
			isa = PBXGroup;
			children = (
				3755A3071C63DF8800AA8C5C /* config.json */,
				37E5E5CB1BF13099003111DD /* AppDelegate.swift */,
				37DC513E1C0952DA0082C4A7 /* facebookLogin.swift */,
				37DB5CA31C099EED0018F09C /* storage.swift */,
				3758E8B21C45926C00B8D974 /* transaction.swift */,
				3758E8B41C4597A900B8D974 /* notificationHandler.swift */,
				37DB5CA71C09AAF10018F09C /* RestApiManager.swift */,
				3755A3051C63DDDF00AA8C5C /* config.swift */,
				37C220951C593A0B0074A96B /* sockets.swift */,
			);
			name = Model;
			sourceTree = "<group>";
		};
		3737AC8B1C5404C800F71E8B /* View */ = {
			isa = PBXGroup;
			children = (
				37E5E5CF1BF13099003111DD /* Main.storyboard */,
				37791DEC1C299B340082693C /* about.swift */,
				377AF8D01C28FFD3009028EA /* editProfile.swift */,
				374EDFD81BF2A7C5000AECE1 /* TableViewCell.swift */,
			);
			name = View;
			sourceTree = "<group>";
		};
		3737AC8C1C5405DA00F71E8B /* Controller */ = {
			isa = PBXGroup;
			children = (
				37E5E5CD1BF13099003111DD /* ViewController.swift */,
				37791DE81C2987180082693C /* editUserProfile.swift */,
				377AF90E1C292665009028EA /* BlogViewController.swift */,
				37965A341C081797005DBF68 /* newOrder.swift */,
				374EE01A1BF2B248000AECE1 /* profile.swift */,
				3765840D1BF26F0C007DA8A7 /* CustomOrder.swift */,
				37CFB6DA1C2B6F2800CCE0A6 /* payment.swift */,
				37CFB6D81C2B1A5400CCE0A6 /* ordersView.swift */,
				3734CAB81C5E127D006968F0 /* orderMessenger.swift */,
				37791DEA1C298BAD0082693C /* DetailTableViewController.swift */,
				376584091BF267DA007DA8A7 /* quickorder.swift */,
				37EA2FB41CA4A84A0037AFC5 /* essentials.swift */,
				370B9AAA1CA6E3B7006CE9CE /* essentialsForm.swift */,
				370B9AC01CA722ED006CE9CE /* PopUpViewControllerSwift.swift */,
				370B9AC41CA723AB006CE9CE /* PopUpViewController_iPhone6Plus.xib */,
			);
			name = Controller;
			sourceTree = "<group>";
		};
		37E5E5BF1BF13099003111DD = {
			isa = PBXGroup;
			children = (
				37E5E5CA1BF13099003111DD /* DelegateIt */,
				37E5E5DF1BF13099003111DD /* DelegateIt UITests */,
				37E5E5EA1BF13099003111DD /* UIUITests */,
				37E5E5C91BF13099003111DD /* Products */,
				46FC9AF725CF97ECE9154FA2 /* Frameworks */,
				E4A98098719FC72465B0EAE6 /* Pods */,
			);
			sourceTree = "<group>";
		};
		37E5E5C91BF13099003111DD /* Products */ = {
			isa = PBXGroup;
			children = (
				37E5E5C81BF13099003111DD /* DelegateIt.app */,
				37E5E5DC1BF13099003111DD /* DelegateIt.xctest */,
				37E5E5E71BF13099003111DD /* DelegateIt.xctest */,
			);
			name = Products;
			sourceTree = "<group>";
		};
		37E5E5CA1BF13099003111DD /* DelegateIt */ = {
			isa = PBXGroup;
			children = (
				3737AC8A1C54049F00F71E8B /* Model */,
				3737AC8C1C5405DA00F71E8B /* Controller */,
				3737AC8B1C5404C800F71E8B /* View */,
				3737AC891C54048100F71E8B /* Images */,
				37E5E5D21BF13099003111DD /* Assets.xcassets */,
				37E5E5D41BF13099003111DD /* LaunchScreen.storyboard */,
				37E5E5D71BF13099003111DD /* Info.plist */,
				373399321BF27598009B8B14 /* Images.xcassets */,
				37965A361C0817F4005DBF68 /* DelegateIt-Bridging-Header.h */,
				37D95F4D1C8BC9C300051954 /* GoogleService-Info.plist */,
			);
			name = DelegateIt;
			path = "Learning UI";
			sourceTree = "<group>";
		};
		37E5E5DF1BF13099003111DD /* DelegateIt UITests */ = {
			isa = PBXGroup;
			children = (
				37E5E5E01BF13099003111DD /* DelegateIt_UITests.swift */,
			);
			name = "DelegateIt UITests";
			path = "Learning UITests";
			sourceTree = "<group>";
		};
		37E5E5EA1BF13099003111DD /* UIUITests */ = {
			isa = PBXGroup;
			children = (
				37E5E5EB1BF13099003111DD /* Learning_UIUITests.swift */,
				37E5E5ED1BF13099003111DD /* Info.plist */,
			);
			name = UIUITests;
			path = "Learning UIUITests";
			sourceTree = "<group>";
		};
		46FC9AF725CF97ECE9154FA2 /* Frameworks */ = {
			isa = PBXGroup;
			children = (
				37B4E01D1C2EAE6F00A31424 /* SwiftyJSON.xcworkspace */,
				37B4E01B1C2EAE4100A31424 /* SwiftyJSON-master */,
				37DC513C1C094F5F0082C4A7 /* FBSDKShareKit.framework */,
				37DC51381C094F550082C4A7 /* FBSDKCoreKit.framework */,
				37DC51391C094F550082C4A7 /* FBSDKLoginKit.framework */,
				57965458214B63A6E7A5B9E8 /* Pods_DelegateIt.framework */,
			);
			name = Frameworks;
			sourceTree = "<group>";
		};
		E4A98098719FC72465B0EAE6 /* Pods */ = {
			isa = PBXGroup;
			children = (
				8A3A138A15A569F58672964A /* Pods-DelegateIt.debug.xcconfig */,
				9C12BA6238E1F541F3BCE1A4 /* Pods-DelegateIt.release.xcconfig */,
			);
			name = Pods;
			sourceTree = "<group>";
		};
/* End PBXGroup section */

/* Begin PBXNativeTarget section */
		37E5E5C71BF13099003111DD /* DelegateIt */ = {
			isa = PBXNativeTarget;
			buildConfigurationList = 37E5E5F01BF13099003111DD /* Build configuration list for PBXNativeTarget "DelegateIt" */;
			buildPhases = (
				438D3CDF5AF16ED3C79741C7 /* Check Pods Manifest.lock */,
				37E5E5C41BF13099003111DD /* Sources */,
				37E5E5C51BF13099003111DD /* Frameworks */,
				37E5E5C61BF13099003111DD /* Resources */,
				BCBC942B8EDF267B2E88B0C8 /* Embed Pods Frameworks */,
				6D6503878403BFCDE611F8DF /* Copy Pods Resources */,
			);
			buildRules = (
			);
			dependencies = (
			);
			name = DelegateIt;
			productName = "Learning UI";
			productReference = 37E5E5C81BF13099003111DD /* DelegateIt.app */;
			productType = "com.apple.product-type.application";
		};
		37E5E5DB1BF13099003111DD /* DelegateItTests */ = {
			isa = PBXNativeTarget;
			buildConfigurationList = 37E5E5F31BF13099003111DD /* Build configuration list for PBXNativeTarget "DelegateItTests" */;
			buildPhases = (
				37E5E5D81BF13099003111DD /* Sources */,
				37E5E5D91BF13099003111DD /* Frameworks */,
				37E5E5DA1BF13099003111DD /* Resources */,
			);
			buildRules = (
			);
			dependencies = (
				37E5E5DE1BF13099003111DD /* PBXTargetDependency */,
			);
			name = DelegateItTests;
			productName = "Learning UITests";
			productReference = 37E5E5DC1BF13099003111DD /* DelegateIt.xctest */;
			productType = "com.apple.product-type.bundle.unit-test";
		};
		37E5E5E61BF13099003111DD /* DelegateItUITests */ = {
			isa = PBXNativeTarget;
			buildConfigurationList = 37E5E5F61BF13099003111DD /* Build configuration list for PBXNativeTarget "DelegateItUITests" */;
			buildPhases = (
				37E5E5E31BF13099003111DD /* Sources */,
				37E5E5E41BF13099003111DD /* Frameworks */,
				37E5E5E51BF13099003111DD /* Resources */,
			);
			buildRules = (
			);
			dependencies = (
				37E5E5E91BF13099003111DD /* PBXTargetDependency */,
			);
			name = DelegateItUITests;
			productName = "Learning UIUITests";
			productReference = 37E5E5E71BF13099003111DD /* DelegateIt.xctest */;
			productType = "com.apple.product-type.bundle.ui-testing";
		};
/* End PBXNativeTarget section */

/* Begin PBXProject section */
		37E5E5C01BF13099003111DD /* Project object */ = {
			isa = PBXProject;
			attributes = {
				LastSwiftUpdateCheck = 0710;
				LastUpgradeCheck = 0720;
				ORGANIZATIONNAME = "Ben Wernsman";
				TargetAttributes = {
					37E5E5C71BF13099003111DD = {
						CreatedOnToolsVersion = 7.1;
						DevelopmentTeam = RN3DNJR9AG;
						SystemCapabilities = {
							com.apple.BackgroundModes = {
								enabled = 1;
							};
							com.apple.Push = {
								enabled = 1;
							};
						};
					};
					37E5E5DB1BF13099003111DD = {
						CreatedOnToolsVersion = 7.1;
						TestTargetID = 37E5E5C71BF13099003111DD;
					};
					37E5E5E61BF13099003111DD = {
						CreatedOnToolsVersion = 7.1;
						TestTargetID = 37E5E5C71BF13099003111DD;
					};
				};
			};
			buildConfigurationList = 37E5E5C31BF13099003111DD /* Build configuration list for PBXProject "DelegateIt" */;
			compatibilityVersion = "Xcode 3.2";
			developmentRegion = English;
			hasScannedForEncodings = 0;
			knownRegions = (
				en,
				Base,
			);
			mainGroup = 37E5E5BF1BF13099003111DD;
			productRefGroup = 37E5E5C91BF13099003111DD /* Products */;
			projectDirPath = "";
			projectRoot = "";
			targets = (
				37E5E5C71BF13099003111DD /* DelegateIt */,
				37E5E5DB1BF13099003111DD /* DelegateItTests */,
				37E5E5E61BF13099003111DD /* DelegateItUITests */,
			);
		};
/* End PBXProject section */

/* Begin PBXResourcesBuildPhase section */
		37E5E5C61BF13099003111DD /* Resources */ = {
			isa = PBXResourcesBuildPhase;
			buildActionMask = 2147483647;
			files = (
				37FBF4061C68894900BC49F3 /* Group.png in Resources */,
				37C8850C1C7CEB2700D4191F /* x.png in Resources */,
				370669DB1C9F28D20011940D /* new_paddleboarding.png in Resources */,
				37FBF4081C6889DB00BC49F3 /* coffee.png in Resources */,
				370B9AA81CA6E2A0006CE9CE /* e2.png in Resources */,
				370B9AA71CA6E2A0006CE9CE /* e3.png in Resources */,
				37FBF40C1C688B9500BC49F3 /* quick3.png in Resources */,
				37EAB1741C68B5F100FCFF06 /* profileIcon.png in Resources */,
				37C885091C7CEB0E00D4191F /* backBtn@2x.png in Resources */,
				37D95F4E1C8BC9C300051954 /* GoogleService-Info.plist in Resources */,
				37B7A3041C8517C30034FDBC /* help.png in Resources */,
				373399331BF27598009B8B14 /* Images.xcassets in Resources */,
				3766DFF41C0B104800D2044C /* logo.png in Resources */,
				376584201BF272EF007DA8A7 /* plus.png in Resources */,
				3755A3081C63DF8800AA8C5C /* config.json in Resources */,
				37C8850A1C7CEB0E00D4191F /* backBtn.png in Resources */,
				373FF3ED1C8E8C8000F556B9 /* flame.png in Resources */,
				3745AAE51CA5745800E5DF89 /* star@1x.png in Resources */,
				37CAD3D71C9090CE00B0FF67 /* new_cookies.png in Resources */,
				37444A761C7FAEF1009F0B9B /* payment.png in Resources */,
				3745AAE71CA5745800E5DF89 /* star@3x.png in Resources */,
				37C885041C7CEAA900D4191F /* 20x.png in Resources */,
				3765841B1BF2727A007DA8A7 /* home@2x.png in Resources */,
				3765841C1BF2727A007DA8A7 /* home@3x.png in Resources */,
				376584261BF27369007DA8A7 /* orders.png in Resources */,
				370B9AA91CA6E2A0006CE9CE /* e1.png in Resources */,
				37CAD3D51C90908400B0FF67 /* new_pizza.png in Resources */,
				37B7A3051C8517C30034FDBC /* help@2x.png in Resources */,
				37C885061C7CEAD100D4191F /* x@2x.png in Resources */,
				37444A791C7FEF80009F0B9B /* order2.png in Resources */,
				3766DFF21C0B0E6500D2044C /* background.png in Resources */,
				370669DC1C9F28D20011940D /* new_orderanything.png in Resources */,
				376584221BF272EF007DA8A7 /* plus@3x.png in Resources */,
				370B9AC51CA723AB006CE9CE /* PopUpViewController_iPhone6Plus.xib in Resources */,
				373F19371C8E01A50074E5D7 /* order6.png in Resources */,
				376584271BF27369007DA8A7 /* orders@2x.png in Resources */,
				373FF3EE1C8E8C8000F556B9 /* flame@2x.png in Resources */,
				37444A7C1C7FF184009F0B9B /* order4.png in Resources */,
				37455A861C637FDD0028A7FF /* yellowBG.png in Resources */,
				3745AAE61CA5745800E5DF89 /* star@2x.png in Resources */,
				37FBF40A1C688B3E00BC49F3 /* quick1.png in Resources */,
				370669DF1C9F292F0011940D /* new_toa.png in Resources */,
				3765841A1BF2727A007DA8A7 /* home.png in Resources */,
				37444A7A1C7FEF80009F0B9B /* order1.png in Resources */,
				37E5E5D61BF13099003111DD /* LaunchScreen.storyboard in Resources */,
				373F19351C8DFF370074E5D7 /* group6.png in Resources */,
				37E5E5D31BF13099003111DD /* Assets.xcassets in Resources */,
				373399351BF27621009B8B14 /* Default-736h@3x.png in Resources */,
				376584281BF27369007DA8A7 /* orders@3x.png in Resources */,
				37B7A3011C8515DC0034FDBC /* receipt.png in Resources */,
				373FF3EF1C8E8C8000F556B9 /* flame@3x.png in Resources */,
				37EAB1751C68B5F100FCFF06 /* profileIcon@2x.png in Resources */,
				376584211BF272EF007DA8A7 /* plus@2x.png in Resources */,
				373F19331C8DFD310074E5D7 /* order5.png in Resources */,
				37E5E5D11BF13099003111DD /* Main.storyboard in Resources */,
				370669DD1C9F28D20011940D /* new_drycleaning.png in Resources */,
			);
			runOnlyForDeploymentPostprocessing = 0;
		};
		37E5E5DA1BF13099003111DD /* Resources */ = {
			isa = PBXResourcesBuildPhase;
			buildActionMask = 2147483647;
			files = (
			);
			runOnlyForDeploymentPostprocessing = 0;
		};
		37E5E5E51BF13099003111DD /* Resources */ = {
			isa = PBXResourcesBuildPhase;
			buildActionMask = 2147483647;
			files = (
			);
			runOnlyForDeploymentPostprocessing = 0;
		};
/* End PBXResourcesBuildPhase section */

/* Begin PBXShellScriptBuildPhase section */
		438D3CDF5AF16ED3C79741C7 /* Check Pods Manifest.lock */ = {
			isa = PBXShellScriptBuildPhase;
			buildActionMask = 2147483647;
			files = (
			);
			inputPaths = (
			);
			name = "Check Pods Manifest.lock";
			outputPaths = (
			);
			runOnlyForDeploymentPostprocessing = 0;
			shellPath = /bin/sh;
			shellScript = "diff \"${PODS_ROOT}/../Podfile.lock\" \"${PODS_ROOT}/Manifest.lock\" > /dev/null\nif [[ $? != 0 ]] ; then\n    cat << EOM\nerror: The sandbox is not in sync with the Podfile.lock. Run 'pod install' or update your CocoaPods installation.\nEOM\n    exit 1\nfi\n";
			showEnvVarsInLog = 0;
		};
		6D6503878403BFCDE611F8DF /* Copy Pods Resources */ = {
			isa = PBXShellScriptBuildPhase;
			buildActionMask = 2147483647;
			files = (
			);
			inputPaths = (
			);
			name = "Copy Pods Resources";
			outputPaths = (
			);
			runOnlyForDeploymentPostprocessing = 0;
			shellPath = /bin/sh;
			shellScript = "\"${SRCROOT}/Pods/Target Support Files/Pods-DelegateIt/Pods-DelegateIt-resources.sh\"\n";
			showEnvVarsInLog = 0;
		};
		BCBC942B8EDF267B2E88B0C8 /* Embed Pods Frameworks */ = {
			isa = PBXShellScriptBuildPhase;
			buildActionMask = 2147483647;
			files = (
			);
			inputPaths = (
			);
			name = "Embed Pods Frameworks";
			outputPaths = (
			);
			runOnlyForDeploymentPostprocessing = 0;
			shellPath = /bin/sh;
			shellScript = "\"${SRCROOT}/Pods/Target Support Files/Pods-DelegateIt/Pods-DelegateIt-frameworks.sh\"\n";
			showEnvVarsInLog = 0;
		};
/* End PBXShellScriptBuildPhase section */

/* Begin PBXSourcesBuildPhase section */
		37E5E5C41BF13099003111DD /* Sources */ = {
			isa = PBXSourcesBuildPhase;
			buildActionMask = 2147483647;
			files = (
				37E5E5CE1BF13099003111DD /* ViewController.swift in Sources */,
				37C220961C593A0B0074A96B /* sockets.swift in Sources */,
				370B9AC11CA722ED006CE9CE /* PopUpViewControllerSwift.swift in Sources */,
				3765840A1BF267DA007DA8A7 /* quickorder.swift in Sources */,
				377AF8D11C28FFD3009028EA /* editProfile.swift in Sources */,
				37791DED1C299B340082693C /* about.swift in Sources */,
				37DC513F1C0952DA0082C4A7 /* facebookLogin.swift in Sources */,
				370B9AAB1CA6E3B7006CE9CE /* essentialsForm.swift in Sources */,
				37EA2FB51CA4A84A0037AFC5 /* essentials.swift in Sources */,
				377AF90F1C292665009028EA /* BlogViewController.swift in Sources */,
				37DB5CA41C099EED0018F09C /* storage.swift in Sources */,
				3758E8B51C4597A900B8D974 /* notificationHandler.swift in Sources */,
				37CFB6DB1C2B6F2800CCE0A6 /* payment.swift in Sources */,
				374EDFD91BF2A7C5000AECE1 /* TableViewCell.swift in Sources */,
				374EE01B1BF2B248000AECE1 /* profile.swift in Sources */,
				3765840E1BF26F0C007DA8A7 /* CustomOrder.swift in Sources */,
				37CFB6D91C2B1A5400CCE0A6 /* ordersView.swift in Sources */,
				3758E8B31C45926C00B8D974 /* transaction.swift in Sources */,
				37DB5CA81C09AAF10018F09C /* RestApiManager.swift in Sources */,
				37791DE91C2987180082693C /* editUserProfile.swift in Sources */,
				3734CAB91C5E127D006968F0 /* orderMessenger.swift in Sources */,
				37791DEB1C298BAD0082693C /* DetailTableViewController.swift in Sources */,
				3755A3061C63DDDF00AA8C5C /* config.swift in Sources */,
				37E5E5CC1BF13099003111DD /* AppDelegate.swift in Sources */,
				37965A351C081797005DBF68 /* newOrder.swift in Sources */,
			);
			runOnlyForDeploymentPostprocessing = 0;
		};
		37E5E5D81BF13099003111DD /* Sources */ = {
			isa = PBXSourcesBuildPhase;
			buildActionMask = 2147483647;
			files = (
				37E5E5E11BF13099003111DD /* DelegateIt_UITests.swift in Sources */,
			);
			runOnlyForDeploymentPostprocessing = 0;
		};
		37E5E5E31BF13099003111DD /* Sources */ = {
			isa = PBXSourcesBuildPhase;
			buildActionMask = 2147483647;
			files = (
				37E5E5EC1BF13099003111DD /* Learning_UIUITests.swift in Sources */,
			);
			runOnlyForDeploymentPostprocessing = 0;
		};
/* End PBXSourcesBuildPhase section */

/* Begin PBXTargetDependency section */
		37E5E5DE1BF13099003111DD /* PBXTargetDependency */ = {
			isa = PBXTargetDependency;
			target = 37E5E5C71BF13099003111DD /* DelegateIt */;
			targetProxy = 37E5E5DD1BF13099003111DD /* PBXContainerItemProxy */;
		};
		37E5E5E91BF13099003111DD /* PBXTargetDependency */ = {
			isa = PBXTargetDependency;
			target = 37E5E5C71BF13099003111DD /* DelegateIt */;
			targetProxy = 37E5E5E81BF13099003111DD /* PBXContainerItemProxy */;
		};
/* End PBXTargetDependency section */

/* Begin PBXVariantGroup section */
		37E5E5CF1BF13099003111DD /* Main.storyboard */ = {
			isa = PBXVariantGroup;
			children = (
				37E5E5D01BF13099003111DD /* Base */,
			);
			name = Main.storyboard;
			sourceTree = "<group>";
		};
		37E5E5D41BF13099003111DD /* LaunchScreen.storyboard */ = {
			isa = PBXVariantGroup;
			children = (
				37E5E5D51BF13099003111DD /* Base */,
			);
			name = LaunchScreen.storyboard;
			sourceTree = "<group>";
		};
/* End PBXVariantGroup section */

/* Begin XCBuildConfiguration section */
		37E5E5EE1BF13099003111DD /* Debug */ = {
			isa = XCBuildConfiguration;
			buildSettings = {
				ALWAYS_SEARCH_USER_PATHS = NO;
				CLANG_CXX_LANGUAGE_STANDARD = "gnu++0x";
				CLANG_CXX_LIBRARY = "libc++";
				CLANG_ENABLE_MODULES = YES;
				CLANG_ENABLE_OBJC_ARC = YES;
				CLANG_WARN_BOOL_CONVERSION = YES;
				CLANG_WARN_CONSTANT_CONVERSION = YES;
				CLANG_WARN_DIRECT_OBJC_ISA_USAGE = YES_ERROR;
				CLANG_WARN_EMPTY_BODY = YES;
				CLANG_WARN_ENUM_CONVERSION = YES;
				CLANG_WARN_INT_CONVERSION = YES;
				CLANG_WARN_OBJC_ROOT_CLASS = YES_ERROR;
				CLANG_WARN_UNREACHABLE_CODE = YES;
				CLANG_WARN__DUPLICATE_METHOD_MATCH = YES;
				"CODE_SIGN_IDENTITY[sdk=iphoneos*]" = "iPhone Developer";
				COPY_PHASE_STRIP = NO;
				DEBUG_INFORMATION_FORMAT = dwarf;
				ENABLE_STRICT_OBJC_MSGSEND = YES;
				ENABLE_TESTABILITY = YES;
				GCC_C_LANGUAGE_STANDARD = gnu99;
				GCC_DYNAMIC_NO_PIC = NO;
				GCC_NO_COMMON_BLOCKS = YES;
				GCC_OPTIMIZATION_LEVEL = 0;
				GCC_PREPROCESSOR_DEFINITIONS = (
					"DEBUG=1",
					"$(inherited)",
				);
				GCC_WARN_64_TO_32_BIT_CONVERSION = YES;
				GCC_WARN_ABOUT_RETURN_TYPE = YES_ERROR;
				GCC_WARN_UNDECLARED_SELECTOR = YES;
				GCC_WARN_UNINITIALIZED_AUTOS = YES_AGGRESSIVE;
				GCC_WARN_UNUSED_FUNCTION = YES;
				GCC_WARN_UNUSED_VARIABLE = YES;
				IPHONEOS_DEPLOYMENT_TARGET = 9.1;
				MTL_ENABLE_DEBUG_INFO = YES;
				ONLY_ACTIVE_ARCH = YES;
				PRODUCT_NAME = DelegateIt;
				SDKROOT = iphoneos;
				SWIFT_OPTIMIZATION_LEVEL = "-Onone";
				TARGETED_DEVICE_FAMILY = "1,2";
			};
			name = Debug;
		};
		37E5E5EF1BF13099003111DD /* Release */ = {
			isa = XCBuildConfiguration;
			buildSettings = {
				ALWAYS_SEARCH_USER_PATHS = NO;
				CLANG_CXX_LANGUAGE_STANDARD = "gnu++0x";
				CLANG_CXX_LIBRARY = "libc++";
				CLANG_ENABLE_MODULES = YES;
				CLANG_ENABLE_OBJC_ARC = YES;
				CLANG_WARN_BOOL_CONVERSION = YES;
				CLANG_WARN_CONSTANT_CONVERSION = YES;
				CLANG_WARN_DIRECT_OBJC_ISA_USAGE = YES_ERROR;
				CLANG_WARN_EMPTY_BODY = YES;
				CLANG_WARN_ENUM_CONVERSION = YES;
				CLANG_WARN_INT_CONVERSION = YES;
				CLANG_WARN_OBJC_ROOT_CLASS = YES_ERROR;
				CLANG_WARN_UNREACHABLE_CODE = YES;
				CLANG_WARN__DUPLICATE_METHOD_MATCH = YES;
				"CODE_SIGN_IDENTITY[sdk=iphoneos*]" = "iPhone Developer";
				COPY_PHASE_STRIP = NO;
				DEBUG_INFORMATION_FORMAT = "dwarf-with-dsym";
				ENABLE_NS_ASSERTIONS = NO;
				ENABLE_STRICT_OBJC_MSGSEND = YES;
				GCC_C_LANGUAGE_STANDARD = gnu99;
				GCC_NO_COMMON_BLOCKS = YES;
				GCC_WARN_64_TO_32_BIT_CONVERSION = YES;
				GCC_WARN_ABOUT_RETURN_TYPE = YES_ERROR;
				GCC_WARN_UNDECLARED_SELECTOR = YES;
				GCC_WARN_UNINITIALIZED_AUTOS = YES_AGGRESSIVE;
				GCC_WARN_UNUSED_FUNCTION = YES;
				GCC_WARN_UNUSED_VARIABLE = YES;
				IPHONEOS_DEPLOYMENT_TARGET = 9.1;
				MTL_ENABLE_DEBUG_INFO = NO;
				PRODUCT_NAME = DelegateIt;
				SDKROOT = iphoneos;
				TARGETED_DEVICE_FAMILY = "1,2";
				VALIDATE_PRODUCT = YES;
			};
			name = Release;
		};
		37E5E5F11BF13099003111DD /* Debug */ = {
			isa = XCBuildConfiguration;
			baseConfigurationReference = 8A3A138A15A569F58672964A /* Pods-DelegateIt.debug.xcconfig */;
			buildSettings = {
				ASSETCATALOG_COMPILER_APPICON_NAME = AppIcon;
				ASSETCATALOG_COMPILER_LAUNCHIMAGE_NAME = LaunchImage;
				CLANG_ENABLE_MODULES = YES;
				CODE_SIGN_IDENTITY = "iPhone Developer";
				"CODE_SIGN_IDENTITY[sdk=iphoneos*]" = "iPhone Developer";
				ENABLE_BITCODE = NO;
				FRAMEWORK_SEARCH_PATHS = (
					"$(inherited)",
					"$(PROJECT_DIR)",
				);
				INFOPLIST_FILE = "Learning UI/Info.plist";
				LD_RUNPATH_SEARCH_PATHS = "$(inherited) @executable_path/Frameworks";
				PRODUCT_BUNDLE_IDENTIFIER = co.delegateit;
				PRODUCT_NAME = DelegateIt;
				PROVISIONING_PROFILE = "";
				SWIFT_OBJC_BRIDGING_HEADER = "Learning UI/DelegateIt-Bridging-Header.h";
				SWIFT_OPTIMIZATION_LEVEL = "-Onone";
				TARGETED_DEVICE_FAMILY = 1;
			};
			name = Debug;
		};
		37E5E5F21BF13099003111DD /* Release */ = {
			isa = XCBuildConfiguration;
			baseConfigurationReference = 9C12BA6238E1F541F3BCE1A4 /* Pods-DelegateIt.release.xcconfig */;
			buildSettings = {
				ASSETCATALOG_COMPILER_APPICON_NAME = AppIcon;
				ASSETCATALOG_COMPILER_LAUNCHIMAGE_NAME = LaunchImage;
				CLANG_ENABLE_MODULES = YES;
				CODE_SIGN_IDENTITY = "iPhone Developer";
				"CODE_SIGN_IDENTITY[sdk=iphoneos*]" = "iPhone Developer";
				ENABLE_BITCODE = NO;
				FRAMEWORK_SEARCH_PATHS = (
					"$(inherited)",
					"$(PROJECT_DIR)",
				);
				INFOPLIST_FILE = "Learning UI/Info.plist";
				LD_RUNPATH_SEARCH_PATHS = "$(inherited) @executable_path/Frameworks";
				PRODUCT_BUNDLE_IDENTIFIER = co.delegateit;
				PRODUCT_NAME = DelegateIt;
				PROVISIONING_PROFILE = "";
				SWIFT_OBJC_BRIDGING_HEADER = "Learning UI/DelegateIt-Bridging-Header.h";
				TARGETED_DEVICE_FAMILY = 1;
			};
			name = Release;
		};
		37E5E5F41BF13099003111DD /* Debug */ = {
			isa = XCBuildConfiguration;
			buildSettings = {
				BUNDLE_LOADER = "$(TEST_HOST)";
				INFOPLIST_FILE = "Learning UITests/Info.plist";
				LD_RUNPATH_SEARCH_PATHS = "$(inherited) @executable_path/Frameworks @loader_path/Frameworks";
				PRODUCT_BUNDLE_IDENTIFIER = "com.benwernsman.Learning-UITests";
				PRODUCT_NAME = DelegateIt;
				TEST_HOST = "$(BUILT_PRODUCTS_DIR)/DelegateIt.app/DelegateIt";
			};
			name = Debug;
		};
		37E5E5F51BF13099003111DD /* Release */ = {
			isa = XCBuildConfiguration;
			buildSettings = {
				BUNDLE_LOADER = "$(TEST_HOST)";
				INFOPLIST_FILE = "Learning UITests/Info.plist";
				LD_RUNPATH_SEARCH_PATHS = "$(inherited) @executable_path/Frameworks @loader_path/Frameworks";
				PRODUCT_BUNDLE_IDENTIFIER = "com.benwernsman.Learning-UITests";
				PRODUCT_NAME = DelegateIt;
				TEST_HOST = "$(BUILT_PRODUCTS_DIR)/DelegateIt.app/DelegateIt";
			};
			name = Release;
		};
		37E5E5F71BF13099003111DD /* Debug */ = {
			isa = XCBuildConfiguration;
			buildSettings = {
				INFOPLIST_FILE = "Learning UIUITests/Info.plist";
				LD_RUNPATH_SEARCH_PATHS = "$(inherited) @executable_path/Frameworks @loader_path/Frameworks";
				PRODUCT_BUNDLE_IDENTIFIER = "com.benwernsman.Learning-UIUITests";
				PRODUCT_NAME = DelegateIt;
				TEST_TARGET_NAME = "Learning UI";
				USES_XCTRUNNER = YES;
			};
			name = Debug;
		};
		37E5E5F81BF13099003111DD /* Release */ = {
			isa = XCBuildConfiguration;
			buildSettings = {
				INFOPLIST_FILE = "Learning UIUITests/Info.plist";
				LD_RUNPATH_SEARCH_PATHS = "$(inherited) @executable_path/Frameworks @loader_path/Frameworks";
				PRODUCT_BUNDLE_IDENTIFIER = "com.benwernsman.Learning-UIUITests";
				PRODUCT_NAME = DelegateIt;
				TEST_TARGET_NAME = "Learning UI";
				USES_XCTRUNNER = YES;
			};
			name = Release;
		};
/* End XCBuildConfiguration section */

/* Begin XCConfigurationList section */
		37E5E5C31BF13099003111DD /* Build configuration list for PBXProject "DelegateIt" */ = {
			isa = XCConfigurationList;
			buildConfigurations = (
				37E5E5EE1BF13099003111DD /* Debug */,
				37E5E5EF1BF13099003111DD /* Release */,
			);
			defaultConfigurationIsVisible = 0;
			defaultConfigurationName = Release;
		};
		37E5E5F01BF13099003111DD /* Build configuration list for PBXNativeTarget "DelegateIt" */ = {
			isa = XCConfigurationList;
			buildConfigurations = (
				37E5E5F11BF13099003111DD /* Debug */,
				37E5E5F21BF13099003111DD /* Release */,
			);
			defaultConfigurationIsVisible = 0;
			defaultConfigurationName = Release;
		};
		37E5E5F31BF13099003111DD /* Build configuration list for PBXNativeTarget "DelegateItTests" */ = {
			isa = XCConfigurationList;
			buildConfigurations = (
				37E5E5F41BF13099003111DD /* Debug */,
				37E5E5F51BF13099003111DD /* Release */,
			);
			defaultConfigurationIsVisible = 0;
			defaultConfigurationName = Release;
		};
		37E5E5F61BF13099003111DD /* Build configuration list for PBXNativeTarget "DelegateItUITests" */ = {
			isa = XCConfigurationList;
			buildConfigurations = (
				37E5E5F71BF13099003111DD /* Debug */,
				37E5E5F81BF13099003111DD /* Release */,
			);
			defaultConfigurationIsVisible = 0;
			defaultConfigurationName = Release;
		};
/* End XCConfigurationList section */
	};
	rootObject = 37E5E5C01BF13099003111DD /* Project object */;
}
