PODS:
  - Alamofire (3.3.0)
  - CWStatusBarNotification (2.3.4)
  - Google/Analytics (2.0.3):
    - Google/Core
    - GoogleAnalytics (~> 3.12)
  - Google/Core (2.0.3):
    - GoogleInterchangeUtilities (~> 1.0)
    - GoogleNetworkingUtilities (~> 1.0)
    - GoogleSymbolUtilities (~> 1.0)
    - GoogleUtilities (~> 1.1)
  - GoogleAnalytics (3.14.0)
  - GoogleInterchangeUtilities (1.2.0):
    - GoogleSymbolUtilities (~> 1.0)
  - GoogleNetworkingUtilities (1.2.0):
    - GoogleSymbolUtilities (~> 1.0)
  - GoogleSymbolUtilities (1.1.0)
  - GoogleUtilities (1.2.0):
    - GoogleSymbolUtilities (~> 1.0)
  - JSQMessagesViewController (7.2.0):
    - JSQSystemSoundPlayer (~> 2.0.1)
  - JSQSystemSoundPlayer (2.0.1)
  - Socket.IO-Client-Swift (4.1.6)
  - Stripe (6.2.0):
    - Stripe/Core (= 6.2.0)
  - Stripe/Core (6.2.0)
  - SwiftSpinner (0.8.0)
  - SwiftyJSON (2.3.2)
  - Whisper (2.1)

DEPENDENCIES:
  - Alamofire (~> 3.0)
  - CWStatusBarNotification (~> 2.3.3)
  - Google/Analytics
  - JSQMessagesViewController
  - Socket.IO-Client-Swift (~> 4.1.6)
  - Stripe
  - SwiftSpinner
  - SwiftyJSON
  - Whisper

SPEC CHECKSUMS:
  Alamofire: 9054db4a1b1ca9e363223183e01cea380159a27c
  CWStatusBarNotification: 3fec41edcb0ae3677d9febfcb9632d8bdf52294c
  Google: 61379f0072bc561a7e174d23a6cbe41bd6d8599c
  GoogleAnalytics: 9be1afdb8deeac4bb5f13ca7f7d3b9db2a1f43dc
  GoogleInterchangeUtilities: 427382e42d8a340038bec37c6fdfd316e14b5fa2
  GoogleNetworkingUtilities: ec1e9911aca811eb18b7144394fee6168b607785
  GoogleSymbolUtilities: eb3965ea12710569c7b80db198a39e39b18613f7
  GoogleUtilities: 85f8ad6b251544286a97163133d042ec95f889c5
  JSQMessagesViewController: 73cab48aa92fc2d512f3b6724f3425cc47a19eb5
  JSQSystemSoundPlayer: c5850e77a4363ffd374cd851154b9af93264ed8d
  Socket.IO-Client-Swift: 5e8aa2961d1f32e5c0e104c00c9f192133a92d11
  Stripe: 275524137e6c4cc1058f6d32ece248adf30a21f9
  SwiftSpinner: 11c2c5ec7443d92f3026d3067ca8a91d4adef13f
  SwiftyJSON: 04ccea08915aa0109039157c7974cf0298da292a
  Whisper: 18b574de21a089c0d664b115f26e0d9ccbbadbab

COCOAPODS: 0.39.0
